
Microsoft Visual Studio Solution File, Format Version 12.00
# Visual Studio Version 17
VisualStudioVersion = 17.11.35312.102
MinimumVisualStudioVersion = 10.0.40219.1
Project("{9A19103F-16F7-4668-BE54-9A1E7A4F7556}") = "EF.SetupEFCoreModel", "EF.SetupEFCoreModel\EF.SetupEFCoreModel.csproj", "{37F4BC35-F9C2-4A6A-A435-3875F56DC3F9}"
EndProject
Project("{9A19103F-16F7-4668-BE54-9A1E7A4F7556}") = "EFRetriveData", "EFRetriveData\EFRetriveData.csproj", "{4521DE01-335A-4988-B55D-F822DDCA1EB6}"
EndProject
Project("{9A19103F-16F7-4668-BE54-9A1E7A4F7556}") = "EFRetriveSingleItem", "EFRetriveSingleItem\EFRetriveSingleItem.csproj", "{E57B9C74-F68E-4A60-86D2-4813617D3B84}"
EndProject
Project("{9A19103F-16F7-4668-BE54-9A1E7A4F7556}") = "EF.InsertData", "EF.InsertData\EF.InsertData.csproj", "{44BA96E5-5FFD-4374-870F-400D2BF03EC9}"
EndProject
Project("{9A19103F-16F7-4668-BE54-9A1E7A4F7556}") = "EF.UpdateData", "EF.UpdateData\EF.UpdateData.csproj", "{0FA7D00A-82BF-4770-8B68-DE982474A092}"
EndProject
Project("{9A19103F-16F7-4668-BE54-9A1E7A4F7556}") = "EF.DeleteData", "EF.DeleteData\EF.DeleteData.csproj", "{D88FC2B8-CEFB-4386-B8CC-22F8F4453414}"
EndProject
Project("{9A19103F-16F7-4668-BE54-9A1E7A4F7556}") = "EF.QueryData", "EF.QueryData\EF.QueryData.csproj", "{E05DD26D-B55D-45D3-9B46-2205D5C6332B}"
EndProject
Project("{9A19103F-16F7-4668-BE54-9A1E7A4F7556}") = "EF.ImplementTransactions", "EF.ImplementTransactions\EF.ImplementTransactions.csproj", "{6A6214F6-7B9C-43DD-A99F-67F7FA76186F}"
EndProject
Project("{9A19103F-16F7-4668-BE54-9A1E7A4F7556}") = "EF.InternalConfiguration", "EF.ParameterlessContext\EF.InternalConfiguration.csproj", "{F303D84B-9F8D-45C0-9C72-F347C108904A}"
EndProject
Project("{9A19103F-16F7-4668-BE54-9A1E7A4F7556}") = "EF.ExternalConfiguration", "EF.ExternalConfiguration\EF.ExternalConfiguration.csproj", "{4369C31D-ABFA-4EA9-8538-F636B4E9A9B0}"
EndProject
Project("{9A19103F-16F7-4668-BE54-9A1E7A4F7556}") = "EF.UsingDependencyInjection", "EF.UsingDependencyInjection\EF.UsingDependencyInjection.csproj", "{3F3291DF-C67F-4D90-AD43-CEED0B69199A}"
EndProject
Project("{9A19103F-16F7-4668-BE54-9A1E7A4F7556}") = "UsingContextFactory", "UsingContextFactory\UsingContextFactory.csproj", "{20D1FD6F-9904-42E5-826B-24AC022BF6EA}"
EndProject
Project("{FAE04EC0-301F-11D3-BF4B-00C04F79EFBC}") = "EF.DbContextLifeTime", "EF.DbContextLifeTime\EF.DbContextLifeTime.csproj", "{8D47E300-4BE8-4EB5-AEB8-16D0BCA4BA7E}"
EndProject
Global
	GlobalSection(SolutionConfigurationPlatforms) = preSolution
		Debug|Any CPU = Debug|Any CPU
		Release|Any CPU = Release|Any CPU
	EndGlobalSection
	GlobalSection(ProjectConfigurationPlatforms) = postSolution
		{37F4BC35-F9C2-4A6A-A435-3875F56DC3F9}.Debug|Any CPU.ActiveCfg = Debug|Any CPU
		{37F4BC35-F9C2-4A6A-A435-3875F56DC3F9}.Debug|Any CPU.Build.0 = Debug|Any CPU
		{37F4BC35-F9C2-4A6A-A435-3875F56DC3F9}.Release|Any CPU.ActiveCfg = Release|Any CPU
		{37F4BC35-F9C2-4A6A-A435-3875F56DC3F9}.Release|Any CPU.Build.0 = Release|Any CPU
		{4521DE01-335A-4988-B55D-F822DDCA1EB6}.Debug|Any CPU.ActiveCfg = Debug|Any CPU
		{4521DE01-335A-4988-B55D-F822DDCA1EB6}.Debug|Any CPU.Build.0 = Debug|Any CPU
		{4521DE01-335A-4988-B55D-F822DDCA1EB6}.Release|Any CPU.ActiveCfg = Release|Any CPU
		{4521DE01-335A-4988-B55D-F822DDCA1EB6}.Release|Any CPU.Build.0 = Release|Any CPU
		{E57B9C74-F68E-4A60-86D2-4813617D3B84}.Debug|Any CPU.ActiveCfg = Debug|Any CPU
		{E57B9C74-F68E-4A60-86D2-4813617D3B84}.Debug|Any CPU.Build.0 = Debug|Any CPU
		{E57B9C74-F68E-4A60-86D2-4813617D3B84}.Release|Any CPU.ActiveCfg = Release|Any CPU
		{E57B9C74-F68E-4A60-86D2-4813617D3B84}.Release|Any CPU.Build.0 = Release|Any CPU
		{44BA96E5-5FFD-4374-870F-400D2BF03EC9}.Debug|Any CPU.ActiveCfg = Debug|Any CPU
		{44BA96E5-5FFD-4374-870F-400D2BF03EC9}.Debug|Any CPU.Build.0 = Debug|Any CPU
		{44BA96E5-5FFD-4374-870F-400D2BF03EC9}.Release|Any CPU.ActiveCfg = Release|Any CPU
		{44BA96E5-5FFD-4374-870F-400D2BF03EC9}.Release|Any CPU.Build.0 = Release|Any CPU
		{0FA7D00A-82BF-4770-8B68-DE982474A092}.Debug|Any CPU.ActiveCfg = Debug|Any CPU
		{0FA7D00A-82BF-4770-8B68-DE982474A092}.Debug|Any CPU.Build.0 = Debug|Any CPU
		{0FA7D00A-82BF-4770-8B68-DE982474A092}.Release|Any CPU.ActiveCfg = Release|Any CPU
		{0FA7D00A-82BF-4770-8B68-DE982474A092}.Release|Any CPU.Build.0 = Release|Any CPU
		{D88FC2B8-CEFB-4386-B8CC-22F8F4453414}.Debug|Any CPU.ActiveCfg = Debug|Any CPU
		{D88FC2B8-CEFB-4386-B8CC-22F8F4453414}.Debug|Any CPU.Build.0 = Debug|Any CPU
		{D88FC2B8-CEFB-4386-B8CC-22F8F4453414}.Release|Any CPU.ActiveCfg = Release|Any CPU
		{D88FC2B8-CEFB-4386-B8CC-22F8F4453414}.Release|Any CPU.Build.0 = Release|Any CPU
		{E05DD26D-B55D-45D3-9B46-2205D5C6332B}.Debug|Any CPU.ActiveCfg = Debug|Any CPU
		{E05DD26D-B55D-45D3-9B46-2205D5C6332B}.Debug|Any CPU.Build.0 = Debug|Any CPU
		{E05DD26D-B55D-45D3-9B46-2205D5C6332B}.Release|Any CPU.ActiveCfg = Release|Any CPU
		{E05DD26D-B55D-45D3-9B46-2205D5C6332B}.Release|Any CPU.Build.0 = Release|Any CPU
		{6A6214F6-7B9C-43DD-A99F-67F7FA76186F}.Debug|Any CPU.ActiveCfg = Debug|Any CPU
		{6A6214F6-7B9C-43DD-A99F-67F7FA76186F}.Debug|Any CPU.Build.0 = Debug|Any CPU
		{6A6214F6-7B9C-43DD-A99F-67F7FA76186F}.Release|Any CPU.ActiveCfg = Release|Any CPU
		{6A6214F6-7B9C-43DD-A99F-67F7FA76186F}.Release|Any CPU.Build.0 = Release|Any CPU
		{F303D84B-9F8D-45C0-9C72-F347C108904A}.Debug|Any CPU.ActiveCfg = Debug|Any CPU
		{F303D84B-9F8D-45C0-9C72-F347C108904A}.Debug|Any CPU.Build.0 = Debug|Any CPU
		{F303D84B-9F8D-45C0-9C72-F347C108904A}.Release|Any CPU.ActiveCfg = Release|Any CPU
		{F303D84B-9F8D-45C0-9C72-F347C108904A}.Release|Any CPU.Build.0 = Release|Any CPU
		{4369C31D-ABFA-4EA9-8538-F636B4E9A9B0}.Debug|Any CPU.ActiveCfg = Debug|Any CPU
		{4369C31D-ABFA-4EA9-8538-F636B4E9A9B0}.Debug|Any CPU.Build.0 = Debug|Any CPU
		{4369C31D-ABFA-4EA9-8538-F636B4E9A9B0}.Release|Any CPU.ActiveCfg = Release|Any CPU
		{4369C31D-ABFA-4EA9-8538-F636B4E9A9B0}.Release|Any CPU.Build.0 = Release|Any CPU
		{3F3291DF-C67F-4D90-AD43-CEED0B69199A}.Debug|Any CPU.ActiveCfg = Debug|Any CPU
		{3F3291DF-C67F-4D90-AD43-CEED0B69199A}.Debug|Any CPU.Build.0 = Debug|Any CPU
		{3F3291DF-C67F-4D90-AD43-CEED0B69199A}.Release|Any CPU.ActiveCfg = Release|Any CPU
		{3F3291DF-C67F-4D90-AD43-CEED0B69199A}.Release|Any CPU.Build.0 = Release|Any CPU
		{20D1FD6F-9904-42E5-826B-24AC022BF6EA}.Debug|Any CPU.ActiveCfg = Debug|Any CPU
		{20D1FD6F-9904-42E5-826B-24AC022BF6EA}.Debug|Any CPU.Build.0 = Debug|Any CPU
		{20D1FD6F-9904-42E5-826B-24AC022BF6EA}.Release|Any CPU.ActiveCfg = Release|Any CPU
		{20D1FD6F-9904-42E5-826B-24AC022BF6EA}.Release|Any CPU.Build.0 = Release|Any CPU
		{8D47E300-4BE8-4EB5-AEB8-16D0BCA4BA7E}.Debug|Any CPU.ActiveCfg = Debug|Any CPU
		{8D47E300-4BE8-4EB5-AEB8-16D0BCA4BA7E}.Debug|Any CPU.Build.0 = Debug|Any CPU
		{8D47E300-4BE8-4EB5-AEB8-16D0BCA4BA7E}.Release|Any CPU.ActiveCfg = Release|Any CPU
		{8D47E300-4BE8-4EB5-AEB8-16D0BCA4BA7E}.Release|Any CPU.Build.0 = Release|Any CPU
	EndGlobalSection
	GlobalSection(SolutionProperties) = preSolution
		HideSolutionNode = FALSE
	EndGlobalSection
	GlobalSection(ExtensibilityGlobals) = postSolution
		SolutionGuid = {0B385E43-82CF-4DA1-92BE-F4D4A8E92D4F}
	EndGlobalSection
EndGlobal
